// !$*UTF8*$!
{
	archiveVersion = 1;
	classes = {
	};
	objectVersion = 46;
	objects = {

/* Begin PBXBuildFile section */
		3F06971334B09D91DF94C86F /* libPods-uxkit.a in Frameworks */ = {isa = PBXBuildFile; fileRef = 24B72DCBE39D39185CB07A5D /* libPods-uxkit.a */; };
		630AC5501D6F30E600314FA3 /* UXKjQuery.min.js in Resources */ = {isa = PBXBuildFile; fileRef = 630AC54F1D6F30E600314FA3 /* UXKjQuery.min.js */; };
		6339AD251D9D56C50022B605 /* UXKViewController.m in Sources */ = {isa = PBXBuildFile; fileRef = 6339AD241D9D56C50022B605 /* UXKViewController.m */; };
		634A886F1D5F5FF70022AC22 /* main.m in Sources */ = {isa = PBXBuildFile; fileRef = 634A886E1D5F5FF70022AC22 /* main.m */; };
		634A88721D5F5FF70022AC22 /* AppDelegate.m in Sources */ = {isa = PBXBuildFile; fileRef = 634A88711D5F5FF70022AC22 /* AppDelegate.m */; };
		634A88751D5F5FF70022AC22 /* ViewController.m in Sources */ = {isa = PBXBuildFile; fileRef = 634A88741D5F5FF70022AC22 /* ViewController.m */; };
		634A88781D5F5FF70022AC22 /* Main.storyboard in Resources */ = {isa = PBXBuildFile; fileRef = 634A88761D5F5FF70022AC22 /* Main.storyboard */; };
		634A887A1D5F5FF70022AC22 /* Assets.xcassets in Resources */ = {isa = PBXBuildFile; fileRef = 634A88791D5F5FF70022AC22 /* Assets.xcassets */; };
		634A887D1D5F5FF70022AC22 /* LaunchScreen.storyboard in Resources */ = {isa = PBXBuildFile; fileRef = 634A887B1D5F5FF70022AC22 /* LaunchScreen.storyboard */; };
		634A88891D5F60A80022AC22 /* UXKBridge.m in Sources */ = {isa = PBXBuildFile; fileRef = 634A88881D5F60A80022AC22 /* UXKBridge.m */; };
		6396DB681D606DB2001D9B6D /* UXKDom.js in Resources */ = {isa = PBXBuildFile; fileRef = 6396DB671D606DB2001D9B6D /* UXKDom.js */; };
		6396DB6B1D606E59001D9B6D /* RedBox.html in Resources */ = {isa = PBXBuildFile; fileRef = 6396DB6A1D606E59001D9B6D /* RedBox.html */; };
		6396DB711D60A0BF001D9B6D /* UXKTasks.js in Resources */ = {isa = PBXBuildFile; fileRef = 6396DB701D60A0BF001D9B6D /* UXKTasks.js */; };
		6396DB7A1D63598E001D9B6D /* UXKView.m in Sources */ = {isa = PBXBuildFile; fileRef = 6396DB791D63598E001D9B6D /* UXKView.m */; };
		6396DB7D1D6359A2001D9B6D /* UXKProps.m in Sources */ = {isa = PBXBuildFile; fileRef = 6396DB7C1D6359A2001D9B6D /* UXKProps.m */; };
		6396DB861D64ACB0001D9B6D /* UXKAnimation.m in Sources */ = {isa = PBXBuildFile; fileRef = 6396DB851D64ACB0001D9B6D /* UXKAnimation.m */; };
		6396DB891D64AF03001D9B6D /* UXKBridgeAnimationHandler.m in Sources */ = {isa = PBXBuildFile; fileRef = 6396DB881D64AF03001D9B6D /* UXKBridgeAnimationHandler.m */; };
		6396DB8B1D64AF4E001D9B6D /* UXKAnimation.js in Resources */ = {isa = PBXBuildFile; fileRef = 6396DB8A1D64AF4E001D9B6D /* UXKAnimation.js */; };
		6396DB8E1D674CC5001D9B6D /* UXKProps+LayoutFormat.m in Sources */ = {isa = PBXBuildFile; fileRef = 6396DB8D1D674CC5001D9B6D /* UXKProps+LayoutFormat.m */; };
		6396DB921D69693E001D9B6D /* UXKTEST.html in Resources */ = {isa = PBXBuildFile; fileRef = 6396DB901D69693E001D9B6D /* UXKTEST.html */; };
		6396DB931D69693E001D9B6D /* UXKTEST.js in Resources */ = {isa = PBXBuildFile; fileRef = 6396DB911D69693E001D9B6D /* UXKTEST.js */; };
		6396DB951D697598001D9B6D /* UXKComponents.js in Resources */ = {isa = PBXBuildFile; fileRef = 6396DB941D697598001D9B6D /* UXKComponents.js */; };
		63ADA2AD1D5F6F3A00C13191 /* UXKBridgeController.m in Sources */ = {isa = PBXBuildFile; fileRef = 63ADA2AC1D5F6F3A00C13191 /* UXKBridgeController.m */; };
		63ADA2B01D5F71AC00C13191 /* UXKBridgeViewUpdater.m in Sources */ = {isa = PBXBuildFile; fileRef = 63ADA2AF1D5F71AC00C13191 /* UXKBridgeViewUpdater.m */; };
		63AE072D1D97BCA7000E0A20 /* UXKTextField.m in Sources */ = {isa = PBXBuildFile; fileRef = 63AE072C1D97BCA7000E0A20 /* UXKTextField.m */; };
		63AE07301D97BF3B000E0A20 /* UXKBridgeValueManager.m in Sources */ = {isa = PBXBuildFile; fileRef = 63AE072F1D97BF3B000E0A20 /* UXKBridgeValueManager.m */; };
		63AE07321D97BFB5000E0A20 /* UXKValue.js in Resources */ = {isa = PBXBuildFile; fileRef = 63AE07311D97BFB5000E0A20 /* UXKValue.js */; };
		63DEA7571D996F61007265EA /* UIViewController+UXKBridge.m in Sources */ = {isa = PBXBuildFile; fileRef = 63DEA7561D996F61007265EA /* UIViewController+UXKBridge.m */; };
		63E017AF1D963CD900389045 /* UXKTouch.js in Resources */ = {isa = PBXBuildFile; fileRef = 63E017AE1D963CD900389045 /* UXKTouch.js */; };
		63E017B21D96B05200389045 /* UXKBridgeTouchUpdater.m in Sources */ = {isa = PBXBuildFile; fileRef = 63E017B11D96B05200389045 /* UXKBridgeTouchUpdater.m */; };
		63E017B51D97893500389045 /* UXKImageView.m in Sources */ = {isa = PBXBuildFile; fileRef = 63E017B41D97893500389045 /* UXKImageView.m */; };
		63E017B81D97984F00389045 /* UXKLabel.m in Sources */ = {isa = PBXBuildFile; fileRef = 63E017B71D97984F00389045 /* UXKLabel.m */; };
/* End PBXBuildFile section */

/* Begin PBXFileReference section */
		24B72DCBE39D39185CB07A5D /* libPods-uxkit.a */ = {isa = PBXFileReference; explicitFileType = archive.ar; includeInIndex = 0; path = "libPods-uxkit.a"; sourceTree = BUILT_PRODUCTS_DIR; };
		477B02DF9F211418DAFB426A /* Pods-uxkit.release.xcconfig */ = {isa = PBXFileReference; includeInIndex = 1; lastKnownFileType = text.xcconfig; name = "Pods-uxkit.release.xcconfig"; path = "Pods/Target Support Files/Pods-uxkit/Pods-uxkit.release.xcconfig"; sourceTree = "<group>"; };
		4C2ABC2CB45B79151CAECC21 /* Pods-uxkit.debug.xcconfig */ = {isa = PBXFileReference; includeInIndex = 1; lastKnownFileType = text.xcconfig; name = "Pods-uxkit.debug.xcconfig"; path = "Pods/Target Support Files/Pods-uxkit/Pods-uxkit.debug.xcconfig"; sourceTree = "<group>"; };
		630AC54F1D6F30E600314FA3 /* UXKjQuery.min.js */ = {isa = PBXFileReference; fileEncoding = 4; lastKnownFileType = sourcecode.javascript; path = UXKjQuery.min.js; sourceTree = "<group>"; };
		6339AD231D9D56C50022B605 /* UXKViewController.h */ = {isa = PBXFileReference; fileEncoding = 4; lastKnownFileType = sourcecode.c.h; path = UXKViewController.h; sourceTree = "<group>"; };
		6339AD241D9D56C50022B605 /* UXKViewController.m */ = {isa = PBXFileReference; fileEncoding = 4; lastKnownFileType = sourcecode.c.objc; path = UXKViewController.m; sourceTree = "<group>"; };
		634A886A1D5F5FF70022AC22 /* uxkit.app */ = {isa = PBXFileReference; explicitFileType = wrapper.application; includeInIndex = 0; path = uxkit.app; sourceTree = BUILT_PRODUCTS_DIR; };
		634A886E1D5F5FF70022AC22 /* main.m */ = {isa = PBXFileReference; lastKnownFileType = sourcecode.c.objc; path = main.m; sourceTree = "<group>"; };
		634A88701D5F5FF70022AC22 /* AppDelegate.h */ = {isa = PBXFileReference; lastKnownFileType = sourcecode.c.h; path = AppDelegate.h; sourceTree = "<group>"; };
		634A88711D5F5FF70022AC22 /* AppDelegate.m */ = {isa = PBXFileReference; lastKnownFileType = sourcecode.c.objc; path = AppDelegate.m; sourceTree = "<group>"; };
		634A88731D5F5FF70022AC22 /* ViewController.h */ = {isa = PBXFileReference; lastKnownFileType = sourcecode.c.h; path = ViewController.h; sourceTree = "<group>"; };
		634A88741D5F5FF70022AC22 /* ViewController.m */ = {isa = PBXFileReference; lastKnownFileType = sourcecode.c.objc; path = ViewController.m; sourceTree = "<group>"; };
		634A88771D5F5FF70022AC22 /* Base */ = {isa = PBXFileReference; lastKnownFileType = file.storyboard; name = Base; path = Base.lproj/Main.storyboard; sourceTree = "<group>"; };
		634A88791D5F5FF70022AC22 /* Assets.xcassets */ = {isa = PBXFileReference; lastKnownFileType = folder.assetcatalog; path = Assets.xcassets; sourceTree = "<group>"; };
		634A887C1D5F5FF70022AC22 /* Base */ = {isa = PBXFileReference; lastKnownFileType = file.storyboard; name = Base; path = Base.lproj/LaunchScreen.storyboard; sourceTree = "<group>"; };
		634A887E1D5F5FF70022AC22 /* Info.plist */ = {isa = PBXFileReference; lastKnownFileType = text.plist.xml; path = Info.plist; sourceTree = "<group>"; };
		634A88871D5F60A80022AC22 /* UXKBridge.h */ = {isa = PBXFileReference; fileEncoding = 4; lastKnownFileType = sourcecode.c.h; path = UXKBridge.h; sourceTree = "<group>"; };
		634A88881D5F60A80022AC22 /* UXKBridge.m */ = {isa = PBXFileReference; fileEncoding = 4; lastKnownFileType = sourcecode.c.objc; path = UXKBridge.m; sourceTree = "<group>"; };
		6396DB671D606DB2001D9B6D /* UXKDom.js */ = {isa = PBXFileReference; fileEncoding = 4; lastKnownFileType = sourcecode.javascript; path = UXKDom.js; sourceTree = "<group>"; };
		6396DB6A1D606E59001D9B6D /* RedBox.html */ = {isa = PBXFileReference; fileEncoding = 4; lastKnownFileType = text.html; path = RedBox.html; sourceTree = "<group>"; };
		6396DB701D60A0BF001D9B6D /* UXKTasks.js */ = {isa = PBXFileReference; fileEncoding = 4; lastKnownFileType = sourcecode.javascript; path = UXKTasks.js; sourceTree = "<group>"; };
		6396DB781D63598E001D9B6D /* UXKView.h */ = {isa = PBXFileReference; fileEncoding = 4; lastKnownFileType = sourcecode.c.h; path = UXKView.h; sourceTree = "<group>"; };
		6396DB791D63598E001D9B6D /* UXKView.m */ = {isa = PBXFileReference; fileEncoding = 4; lastKnownFileType = sourcecode.c.objc; path = UXKView.m; sourceTree = "<group>"; };
		6396DB7B1D6359A2001D9B6D /* UXKProps.h */ = {isa = PBXFileReference; fileEncoding = 4; lastKnownFileType = sourcecode.c.h; path = UXKProps.h; sourceTree = "<group>"; };
		6396DB7C1D6359A2001D9B6D /* UXKProps.m */ = {isa = PBXFileReference; fileEncoding = 4; lastKnownFileType = sourcecode.c.objc; path = UXKProps.m; sourceTree = "<group>"; };
		6396DB841D64ACB0001D9B6D /* UXKAnimation.h */ = {isa = PBXFileReference; fileEncoding = 4; lastKnownFileType = sourcecode.c.h; path = UXKAnimation.h; sourceTree = "<group>"; };
		6396DB851D64ACB0001D9B6D /* UXKAnimation.m */ = {isa = PBXFileReference; fileEncoding = 4; lastKnownFileType = sourcecode.c.objc; path = UXKAnimation.m; sourceTree = "<group>"; };
		6396DB871D64AF03001D9B6D /* UXKBridgeAnimationHandler.h */ = {isa = PBXFileReference; fileEncoding = 4; lastKnownFileType = sourcecode.c.h; path = UXKBridgeAnimationHandler.h; sourceTree = "<group>"; };
		6396DB881D64AF03001D9B6D /* UXKBridgeAnimationHandler.m */ = {isa = PBXFileReference; fileEncoding = 4; lastKnownFileType = sourcecode.c.objc; path = UXKBridgeAnimationHandler.m; sourceTree = "<group>"; };
		6396DB8A1D64AF4E001D9B6D /* UXKAnimation.js */ = {isa = PBXFileReference; fileEncoding = 4; lastKnownFileType = sourcecode.javascript; path = UXKAnimation.js; sourceTree = "<group>"; };
		6396DB8C1D674CC4001D9B6D /* UXKProps+LayoutFormat.h */ = {isa = PBXFileReference; fileEncoding = 4; lastKnownFileType = sourcecode.c.h; path = "UXKProps+LayoutFormat.h"; sourceTree = "<group>"; };
		6396DB8D1D674CC5001D9B6D /* UXKProps+LayoutFormat.m */ = {isa = PBXFileReference; fileEncoding = 4; lastKnownFileType = sourcecode.c.objc; path = "UXKProps+LayoutFormat.m"; sourceTree = "<group>"; };
		6396DB901D69693E001D9B6D /* UXKTEST.html */ = {isa = PBXFileReference; fileEncoding = 4; lastKnownFileType = text.html; path = UXKTEST.html; sourceTree = "<group>"; };
		6396DB911D69693E001D9B6D /* UXKTEST.js */ = {isa = PBXFileReference; fileEncoding = 4; lastKnownFileType = sourcecode.javascript; path = UXKTEST.js; sourceTree = "<group>"; };
		6396DB941D697598001D9B6D /* UXKComponents.js */ = {isa = PBXFileReference; fileEncoding = 4; lastKnownFileType = sourcecode.javascript; path = UXKComponents.js; sourceTree = "<group>"; };
		63ADA2AB1D5F6F3A00C13191 /* UXKBridgeController.h */ = {isa = PBXFileReference; fileEncoding = 4; lastKnownFileType = sourcecode.c.h; path = UXKBridgeController.h; sourceTree = "<group>"; };
		63ADA2AC1D5F6F3A00C13191 /* UXKBridgeController.m */ = {isa = PBXFileReference; fileEncoding = 4; lastKnownFileType = sourcecode.c.objc; path = UXKBridgeController.m; sourceTree = "<group>"; };
		63ADA2AE1D5F71AC00C13191 /* UXKBridgeViewUpdater.h */ = {isa = PBXFileReference; fileEncoding = 4; lastKnownFileType = sourcecode.c.h; path = UXKBridgeViewUpdater.h; sourceTree = "<group>"; };
		63ADA2AF1D5F71AC00C13191 /* UXKBridgeViewUpdater.m */ = {isa = PBXFileReference; fileEncoding = 4; lastKnownFileType = sourcecode.c.objc; path = UXKBridgeViewUpdater.m; sourceTree = "<group>"; };
		63AE072B1D97BCA7000E0A20 /* UXKTextField.h */ = {isa = PBXFileReference; fileEncoding = 4; lastKnownFileType = sourcecode.c.h; path = UXKTextField.h; sourceTree = "<group>"; };
		63AE072C1D97BCA7000E0A20 /* UXKTextField.m */ = {isa = PBXFileReference; fileEncoding = 4; lastKnownFileType = sourcecode.c.objc; path = UXKTextField.m; sourceTree = "<group>"; };
		63AE072E1D97BF3B000E0A20 /* UXKBridgeValueManager.h */ = {isa = PBXFileReference; fileEncoding = 4; lastKnownFileType = sourcecode.c.h; path = UXKBridgeValueManager.h; sourceTree = "<group>"; };
		63AE072F1D97BF3B000E0A20 /* UXKBridgeValueManager.m */ = {isa = PBXFileReference; fileEncoding = 4; lastKnownFileType = sourcecode.c.objc; path = UXKBridgeValueManager.m; sourceTree = "<group>"; };
		63AE07311D97BFB5000E0A20 /* UXKValue.js */ = {isa = PBXFileReference; fileEncoding = 4; lastKnownFileType = sourcecode.javascript; path = UXKValue.js; sourceTree = "<group>"; };
		63DEA7551D996F61007265EA /* UIViewController+UXKBridge.h */ = {isa = PBXFileReference; fileEncoding = 4; lastKnownFileType = sourcecode.c.h; path = "UIViewController+UXKBridge.h"; sourceTree = "<group>"; };
		63DEA7561D996F61007265EA /* UIViewController+UXKBridge.m */ = {isa = PBXFileReference; fileEncoding = 4; lastKnownFileType = sourcecode.c.objc; path = "UIViewController+UXKBridge.m"; sourceTree = "<group>"; };
		63E017AE1D963CD900389045 /* UXKTouch.js */ = {isa = PBXFileReference; fileEncoding = 4; lastKnownFileType = sourcecode.javascript; path = UXKTouch.js; sourceTree = "<group>"; };
		63E017B01D96B05200389045 /* UXKBridgeTouchUpdater.h */ = {isa = PBXFileReference; fileEncoding = 4; lastKnownFileType = sourcecode.c.h; path = UXKBridgeTouchUpdater.h; sourceTree = "<group>"; };
		63E017B11D96B05200389045 /* UXKBridgeTouchUpdater.m */ = {isa = PBXFileReference; fileEncoding = 4; lastKnownFileType = sourcecode.c.objc; path = UXKBridgeTouchUpdater.m; sourceTree = "<group>"; };
		63E017B31D97893500389045 /* UXKImageView.h */ = {isa = PBXFileReference; fileEncoding = 4; lastKnownFileType = sourcecode.c.h; path = UXKImageView.h; sourceTree = "<group>"; };
		63E017B41D97893500389045 /* UXKImageView.m */ = {isa = PBXFileReference; fileEncoding = 4; lastKnownFileType = sourcecode.c.objc; path = UXKImageView.m; sourceTree = "<group>"; };
		63E017B61D97984F00389045 /* UXKLabel.h */ = {isa = PBXFileReference; fileEncoding = 4; lastKnownFileType = sourcecode.c.h; path = UXKLabel.h; sourceTree = "<group>"; };
		63E017B71D97984F00389045 /* UXKLabel.m */ = {isa = PBXFileReference; fileEncoding = 4; lastKnownFileType = sourcecode.c.objc; path = UXKLabel.m; sourceTree = "<group>"; };
/* End PBXFileReference section */

/* Begin PBXFrameworksBuildPhase section */
		634A88671D5F5FF70022AC22 /* Frameworks */ = {
			isa = PBXFrameworksBuildPhase;
			buildActionMask = 2147483647;
			files = (
				3F06971334B09D91DF94C86F /* libPods-uxkit.a in Frameworks */,
			);
			runOnlyForDeploymentPostprocessing = 0;
		};
/* End PBXFrameworksBuildPhase section */

/* Begin PBXGroup section */
		621EC8E82FF840AB9C4ABF39 /* Frameworks */ = {
			isa = PBXGroup;
			children = (
				24B72DCBE39D39185CB07A5D /* libPods-uxkit.a */,
			);
			name = Frameworks;
			sourceTree = "<group>";
		};
		634A88611D5F5FF70022AC22 = {
			isa = PBXGroup;
			children = (
				634A88841D5F603F0022AC22 /* runtime */,
				634A886C1D5F5FF70022AC22 /* uxkit */,
				634A886B1D5F5FF70022AC22 /* Products */,
				D2438D969DDB3FFA006B640B /* Pods */,
				621EC8E82FF840AB9C4ABF39 /* Frameworks */,
			);
			sourceTree = "<group>";
		};
		634A886B1D5F5FF70022AC22 /* Products */ = {
			isa = PBXGroup;
			children = (
				634A886A1D5F5FF70022AC22 /* uxkit.app */,
			);
			name = Products;
			sourceTree = "<group>";
		};
		634A886C1D5F5FF70022AC22 /* uxkit */ = {
			isa = PBXGroup;
			children = (
				6396DB691D606E3E001D9B6D /* Sample */,
				634A88701D5F5FF70022AC22 /* AppDelegate.h */,
				634A88711D5F5FF70022AC22 /* AppDelegate.m */,
				634A88731D5F5FF70022AC22 /* ViewController.h */,
				634A88741D5F5FF70022AC22 /* ViewController.m */,
				634A88761D5F5FF70022AC22 /* Main.storyboard */,
				634A88791D5F5FF70022AC22 /* Assets.xcassets */,
				634A887B1D5F5FF70022AC22 /* LaunchScreen.storyboard */,
				634A887E1D5F5FF70022AC22 /* Info.plist */,
				634A886D1D5F5FF70022AC22 /* Supporting Files */,
			);
			path = uxkit;
			sourceTree = "<group>";
		};
		634A886D1D5F5FF70022AC22 /* Supporting Files */ = {
			isa = PBXGroup;
			children = (
				634A886E1D5F5FF70022AC22 /* main.m */,
			);
			name = "Supporting Files";
			sourceTree = "<group>";
		};
		634A88841D5F603F0022AC22 /* runtime */ = {
			isa = PBXGroup;
			children = (
				6396DB751D63598E001D9B6D /* components */,
				634A88851D5F60550022AC22 /* js */,
				634A88861D5F60550022AC22 /* oc */,
			);
			path = runtime;
			sourceTree = "<group>";
		};
		634A88851D5F60550022AC22 /* js */ = {
			isa = PBXGroup;
			children = (
				630AC54F1D6F30E600314FA3 /* UXKjQuery.min.js */,
				6396DB941D697598001D9B6D /* UXKComponents.js */,
				6396DB701D60A0BF001D9B6D /* UXKTasks.js */,
				6396DB671D606DB2001D9B6D /* UXKDom.js */,
				63E017AE1D963CD900389045 /* UXKTouch.js */,
				63AE07311D97BFB5000E0A20 /* UXKValue.js */,
				6396DB8A1D64AF4E001D9B6D /* UXKAnimation.js */,
			);
			path = js;
			sourceTree = "<group>";
		};
		634A88861D5F60550022AC22 /* oc */ = {
			isa = PBXGroup;
			children = (
				634A88871D5F60A80022AC22 /* UXKBridge.h */,
				634A88881D5F60A80022AC22 /* UXKBridge.m */,
				63ADA2AB1D5F6F3A00C13191 /* UXKBridgeController.h */,
				63ADA2AC1D5F6F3A00C13191 /* UXKBridgeController.m */,
				63ADA2AE1D5F71AC00C13191 /* UXKBridgeViewUpdater.h */,
				63ADA2AF1D5F71AC00C13191 /* UXKBridgeViewUpdater.m */,
				63AE072E1D97BF3B000E0A20 /* UXKBridgeValueManager.h */,
				63AE072F1D97BF3B000E0A20 /* UXKBridgeValueManager.m */,
				63E017B01D96B05200389045 /* UXKBridgeTouchUpdater.h */,
				63E017B11D96B05200389045 /* UXKBridgeTouchUpdater.m */,
				6396DB871D64AF03001D9B6D /* UXKBridgeAnimationHandler.h */,
				6396DB881D64AF03001D9B6D /* UXKBridgeAnimationHandler.m */,
				6339AD231D9D56C50022B605 /* UXKViewController.h */,
				6339AD241D9D56C50022B605 /* UXKViewController.m */,
				63DEA7551D996F61007265EA /* UIViewController+UXKBridge.h */,
				63DEA7561D996F61007265EA /* UIViewController+UXKBridge.m */,
			);
			path = oc;
			sourceTree = "<group>";
		};
		6396DB691D606E3E001D9B6D /* Sample */ = {
			isa = PBXGroup;
			children = (
				6396DB6A1D606E59001D9B6D /* RedBox.html */,
			);
			path = Sample;
			sourceTree = "<group>";
		};
		6396DB751D63598E001D9B6D /* components */ = {
			isa = PBXGroup;
			children = (
				6396DB761D63598E001D9B6D /* js */,
				6396DB771D63598E001D9B6D /* oc */,
			);
			path = components;
			sourceTree = "<group>";
		};
		6396DB761D63598E001D9B6D /* js */ = {
			isa = PBXGroup;
			children = (
				6396DB8F1D69693E001D9B6D /* TEST */,
			);
			path = js;
			sourceTree = "<group>";
		};
		6396DB771D63598E001D9B6D /* oc */ = {
			isa = PBXGroup;
			children = (
				6396DB781D63598E001D9B6D /* UXKView.h */,
				6396DB791D63598E001D9B6D /* UXKView.m */,
				63E017B31D97893500389045 /* UXKImageView.h */,
				63E017B41D97893500389045 /* UXKImageView.m */,
				63E017B61D97984F00389045 /* UXKLabel.h */,
				63E017B71D97984F00389045 /* UXKLabel.m */,
				63AE072B1D97BCA7000E0A20 /* UXKTextField.h */,
				63AE072C1D97BCA7000E0A20 /* UXKTextField.m */,
				6396DB841D64ACB0001D9B6D /* UXKAnimation.h */,
				6396DB851D64ACB0001D9B6D /* UXKAnimation.m */,
				6396DB7B1D6359A2001D9B6D /* UXKProps.h */,
				6396DB7C1D6359A2001D9B6D /* UXKProps.m */,
				6396DB8C1D674CC4001D9B6D /* UXKProps+LayoutFormat.h */,
				6396DB8D1D674CC5001D9B6D /* UXKProps+LayoutFormat.m */,
			);
			path = oc;
			sourceTree = "<group>";
		};
		6396DB8F1D69693E001D9B6D /* TEST */ = {
			isa = PBXGroup;
			children = (
				6396DB901D69693E001D9B6D /* UXKTEST.html */,
				6396DB911D69693E001D9B6D /* UXKTEST.js */,
			);
			path = TEST;
			sourceTree = "<group>";
		};
		D2438D969DDB3FFA006B640B /* Pods */ = {
			isa = PBXGroup;
			children = (
				4C2ABC2CB45B79151CAECC21 /* Pods-uxkit.debug.xcconfig */,
				477B02DF9F211418DAFB426A /* Pods-uxkit.release.xcconfig */,
			);
			name = Pods;
			sourceTree = "<group>";
		};
/* End PBXGroup section */

/* Begin PBXNativeTarget section */
		634A88691D5F5FF70022AC22 /* uxkit */ = {
			isa = PBXNativeTarget;
			buildConfigurationList = 634A88811D5F5FF70022AC22 /* Build configuration list for PBXNativeTarget "uxkit" */;
			buildPhases = (
				CFA615F4B20020FD27A55B68 /* [CP] Check Pods Manifest.lock */,
				634A88661D5F5FF70022AC22 /* Sources */,
				634A88671D5F5FF70022AC22 /* Frameworks */,
				634A88681D5F5FF70022AC22 /* Resources */,
				426C2DD6E1844EFB52AE8010 /* [CP] Embed Pods Frameworks */,
				E52E40E359026270E5F3853F /* [CP] Copy Pods Resources */,
			);
			buildRules = (
			);
			dependencies = (
			);
			name = uxkit;
			productName = uxkit;
			productReference = 634A886A1D5F5FF70022AC22 /* uxkit.app */;
			productType = "com.apple.product-type.application";
		};
/* End PBXNativeTarget section */

/* Begin PBXProject section */
		634A88621D5F5FF70022AC22 /* Project object */ = {
			isa = PBXProject;
			attributes = {
				CLASSPREFIX = UXK;
				LastUpgradeCheck = 0720;
				ORGANIZATIONNAME = "YY Inc.";
				TargetAttributes = {
					634A88691D5F5FF70022AC22 = {
						CreatedOnToolsVersion = 7.2;
						DevelopmentTeam = 8M2FQ87SLP;
					};
				};
			};
			buildConfigurationList = 634A88651D5F5FF70022AC22 /* Build configuration list for PBXProject "uxkit" */;
			compatibilityVersion = "Xcode 3.2";
			developmentRegion = English;
			hasScannedForEncodings = 0;
			knownRegions = (
				en,
				Base,
			);
			mainGroup = 634A88611D5F5FF70022AC22;
			productRefGroup = 634A886B1D5F5FF70022AC22 /* Products */;
			projectDirPath = "";
			projectRoot = "";
			targets = (
				634A88691D5F5FF70022AC22 /* uxkit */,
			);
		};
/* End PBXProject section */

/* Begin PBXResourcesBuildPhase section */
		634A88681D5F5FF70022AC22 /* Resources */ = {
			isa = PBXResourcesBuildPhase;
			buildActionMask = 2147483647;
			files = (
				6396DB931D69693E001D9B6D /* UXKTEST.js in Resources */,
				6396DB951D697598001D9B6D /* UXKComponents.js in Resources */,
				6396DB8B1D64AF4E001D9B6D /* UXKAnimation.js in Resources */,
				6396DB711D60A0BF001D9B6D /* UXKTasks.js in Resources */,
				63AE07321D97BFB5000E0A20 /* UXKValue.js in Resources */,
				6396DB6B1D606E59001D9B6D /* RedBox.html in Resources */,
				634A887D1D5F5FF70022AC22 /* LaunchScreen.storyboard in Resources */,
				630AC5501D6F30E600314FA3 /* UXKjQuery.min.js in Resources */,
				6396DB921D69693E001D9B6D /* UXKTEST.html in Resources */,
				634A887A1D5F5FF70022AC22 /* Assets.xcassets in Resources */,
				63E017AF1D963CD900389045 /* UXKTouch.js in Resources */,
				6396DB681D606DB2001D9B6D /* UXKDom.js in Resources */,
				634A88781D5F5FF70022AC22 /* Main.storyboard in Resources */,
			);
			runOnlyForDeploymentPostprocessing = 0;
		};
/* End PBXResourcesBuildPhase section */

/* Begin PBXShellScriptBuildPhase section */
		426C2DD6E1844EFB52AE8010 /* [CP] Embed Pods Frameworks */ = {
			isa = PBXShellScriptBuildPhase;
			buildActionMask = 2147483647;
			files = (
			);
			inputPaths = (
			);
			name = "[CP] Embed Pods Frameworks";
			outputPaths = (
			);
			runOnlyForDeploymentPostprocessing = 0;
			shellPath = /bin/sh;
			shellScript = "\"${SRCROOT}/Pods/Target Support Files/Pods-uxkit/Pods-uxkit-frameworks.sh\"\n";
			showEnvVarsInLog = 0;
		};
		CFA615F4B20020FD27A55B68 /* [CP] Check Pods Manifest.lock */ = {
			isa = PBXShellScriptBuildPhase;
			buildActionMask = 2147483647;
			files = (
			);
			inputPaths = (
			);
			name = "[CP] Check Pods Manifest.lock";
			outputPaths = (
			);
			runOnlyForDeploymentPostprocessing = 0;
			shellPath = /bin/sh;
			shellScript = "diff \"${PODS_ROOT}/../Podfile.lock\" \"${PODS_ROOT}/Manifest.lock\" > /dev/null\nif [[ $? != 0 ]] ; then\n    cat << EOM\nerror: The sandbox is not in sync with the Podfile.lock. Run 'pod install' or update your CocoaPods installation.\nEOM\n    exit 1\nfi\n";
			showEnvVarsInLog = 0;
		};
		E52E40E359026270E5F3853F /* [CP] Copy Pods Resources */ = {
			isa = PBXShellScriptBuildPhase;
			buildActionMask = 2147483647;
			files = (
			);
			inputPaths = (
			);
			name = "[CP] Copy Pods Resources";
			outputPaths = (
			);
			runOnlyForDeploymentPostprocessing = 0;
			shellPath = /bin/sh;
			shellScript = "\"${SRCROOT}/Pods/Target Support Files/Pods-uxkit/Pods-uxkit-resources.sh\"\n";
			showEnvVarsInLog = 0;
		};
/* End PBXShellScriptBuildPhase section */

/* Begin PBXSourcesBuildPhase section */
		634A88661D5F5FF70022AC22 /* Sources */ = {
			isa = PBXSourcesBuildPhase;
			buildActionMask = 2147483647;
			files = (
				6396DB7A1D63598E001D9B6D /* UXKView.m in Sources */,
				6396DB891D64AF03001D9B6D /* UXKBridgeAnimationHandler.m in Sources */,
				6396DB7D1D6359A2001D9B6D /* UXKProps.m in Sources */,
				63E017B51D97893500389045 /* UXKImageView.m in Sources */,
				63E017B21D96B05200389045 /* UXKBridgeTouchUpdater.m in Sources */,
				63ADA2B01D5F71AC00C13191 /* UXKBridgeViewUpdater.m in Sources */,
				634A88751D5F5FF70022AC22 /* ViewController.m in Sources */,
				6396DB861D64ACB0001D9B6D /* UXKAnimation.m in Sources */,
				6396DB8E1D674CC5001D9B6D /* UXKProps+LayoutFormat.m in Sources */,
				634A88721D5F5FF70022AC22 /* AppDelegate.m in Sources */,
				634A886F1D5F5FF70022AC22 /* main.m in Sources */,
				63DEA7571D996F61007265EA /* UIViewController+UXKBridge.m in Sources */,
				634A88891D5F60A80022AC22 /* UXKBridge.m in Sources */,
				63ADA2AD1D5F6F3A00C13191 /* UXKBridgeController.m in Sources */,
				63AE072D1D97BCA7000E0A20 /* UXKTextField.m in Sources */,
				6339AD251D9D56C50022B605 /* UXKViewController.m in Sources */,
				63E017B81D97984F00389045 /* UXKLabel.m in Sources */,
				63AE07301D97BF3B000E0A20 /* UXKBridgeValueManager.m in Sources */,
			);
			runOnlyForDeploymentPostprocessing = 0;
		};
/* End PBXSourcesBuildPhase section */

/* Begin PBXVariantGroup section */
		634A88761D5F5FF70022AC22 /* Main.storyboard */ = {
			isa = PBXVariantGroup;
			children = (
				634A88771D5F5FF70022AC22 /* Base */,
			);
			name = Main.storyboard;
			sourceTree = "<group>";
		};
		634A887B1D5F5FF70022AC22 /* LaunchScreen.storyboard */ = {
			isa = PBXVariantGroup;
			children = (
				634A887C1D5F5FF70022AC22 /* Base */,
			);
			name = LaunchScreen.storyboard;
			sourceTree = "<group>";
		};
/* End PBXVariantGroup section */

/* Begin XCBuildConfiguration section */
		634A887F1D5F5FF70022AC22 /* Debug */ = {
			isa = XCBuildConfiguration;
			buildSettings = {
				ALWAYS_SEARCH_USER_PATHS = NO;
				CLANG_CXX_LANGUAGE_STANDARD = "gnu++0x";
				CLANG_CXX_LIBRARY = "libc++";
				CLANG_ENABLE_MODULES = YES;
				CLANG_ENABLE_OBJC_ARC = YES;
				CLANG_WARN_BOOL_CONVERSION = YES;
				CLANG_WARN_CONSTANT_CONVERSION = YES;
				CLANG_WARN_DIRECT_OBJC_ISA_USAGE = YES_ERROR;
				CLANG_WARN_EMPTY_BODY = YES;
				CLANG_WARN_ENUM_CONVERSION = YES;
				CLANG_WARN_INT_CONVERSION = YES;
				CLANG_WARN_OBJC_ROOT_CLASS = YES_ERROR;
				CLANG_WARN_UNREACHABLE_CODE = YES;
				CLANG_WARN__DUPLICATE_METHOD_MATCH = YES;
				"CODE_SIGN_IDENTITY[sdk=iphoneos*]" = "iPhone Developer";
				COPY_PHASE_STRIP = NO;
				DEBUG_INFORMATION_FORMAT = dwarf;
				ENABLE_STRICT_OBJC_MSGSEND = YES;
				ENABLE_TESTABILITY = YES;
				GCC_C_LANGUAGE_STANDARD = gnu99;
				GCC_DYNAMIC_NO_PIC = NO;
				GCC_NO_COMMON_BLOCKS = YES;
				GCC_OPTIMIZATION_LEVEL = 0;
				GCC_PREPROCESSOR_DEFINITIONS = (
					"DEBUG=1",
					"$(inherited)",
				);
				GCC_WARN_64_TO_32_BIT_CONVERSION = YES;
				GCC_WARN_ABOUT_RETURN_TYPE = YES_ERROR;
				GCC_WARN_UNDECLARED_SELECTOR = YES;
				GCC_WARN_UNINITIALIZED_AUTOS = YES_AGGRESSIVE;
				GCC_WARN_UNUSED_FUNCTION = YES;
				GCC_WARN_UNUSED_VARIABLE = YES;
				IPHONEOS_DEPLOYMENT_TARGET = 9.2;
				MTL_ENABLE_DEBUG_INFO = YES;
				ONLY_ACTIVE_ARCH = YES;
				SDKROOT = iphoneos;
			};
			name = Debug;
		};
		634A88801D5F5FF70022AC22 /* Release */ = {
			isa = XCBuildConfiguration;
			buildSettings = {
				ALWAYS_SEARCH_USER_PATHS = NO;
				CLANG_CXX_LANGUAGE_STANDARD = "gnu++0x";
				CLANG_CXX_LIBRARY = "libc++";
				CLANG_ENABLE_MODULES = YES;
				CLANG_ENABLE_OBJC_ARC = YES;
				CLANG_WARN_BOOL_CONVERSION = YES;
				CLANG_WARN_CONSTANT_CONVERSION = YES;
				CLANG_WARN_DIRECT_OBJC_ISA_USAGE = YES_ERROR;
				CLANG_WARN_EMPTY_BODY = YES;
				CLANG_WARN_ENUM_CONVERSION = YES;
				CLANG_WARN_INT_CONVERSION = YES;
				CLANG_WARN_OBJC_ROOT_CLASS = YES_ERROR;
				CLANG_WARN_UNREACHABLE_CODE = YES;
				CLANG_WARN__DUPLICATE_METHOD_MATCH = YES;
				"CODE_SIGN_IDENTITY[sdk=iphoneos*]" = "iPhone Developer";
				COPY_PHASE_STRIP = NO;
				DEBUG_INFORMATION_FORMAT = "dwarf-with-dsym";
				ENABLE_NS_ASSERTIONS = NO;
				ENABLE_STRICT_OBJC_MSGSEND = YES;
				GCC_C_LANGUAGE_STANDARD = gnu99;
				GCC_NO_COMMON_BLOCKS = YES;
				GCC_WARN_64_TO_32_BIT_CONVERSION = YES;
				GCC_WARN_ABOUT_RETURN_TYPE = YES_ERROR;
				GCC_WARN_UNDECLARED_SELECTOR = YES;
				GCC_WARN_UNINITIALIZED_AUTOS = YES_AGGRESSIVE;
				GCC_WARN_UNUSED_FUNCTION = YES;
				GCC_WARN_UNUSED_VARIABLE = YES;
				IPHONEOS_DEPLOYMENT_TARGET = 9.2;
				MTL_ENABLE_DEBUG_INFO = NO;
				SDKROOT = iphoneos;
				VALIDATE_PRODUCT = YES;
			};
			name = Release;
		};
		634A88821D5F5FF70022AC22 /* Debug */ = {
			isa = XCBuildConfiguration;
			baseConfigurationReference = 4C2ABC2CB45B79151CAECC21 /* Pods-uxkit.debug.xcconfig */;
			buildSettings = {
				ASSETCATALOG_COMPILER_APPICON_NAME = AppIcon;
				DEVELOPMENT_TEAM = 8M2FQ87SLP;
				INFOPLIST_FILE = uxkit/Info.plist;
				IPHONEOS_DEPLOYMENT_TARGET = 8.0;
				LD_RUNPATH_SEARCH_PATHS = "$(inherited) @executable_path/Frameworks";
				PRODUCT_BUNDLE_IDENTIFIER = com.yy.uxkit;
				PRODUCT_NAME = "$(TARGET_NAME)";
			};
			name = Debug;
		};
		634A88831D5F5FF70022AC22 /* Release */ = {
			isa = XCBuildConfiguration;
			baseConfigurationReference = 477B02DF9F211418DAFB426A /* Pods-uxkit.release.xcconfig */;
			buildSettings = {
				ASSETCATALOG_COMPILER_APPICON_NAME = AppIcon;
				DEVELOPMENT_TEAM = 8M2FQ87SLP;
				INFOPLIST_FILE = uxkit/Info.plist;
				IPHONEOS_DEPLOYMENT_TARGET = 8.0;
				LD_RUNPATH_SEARCH_PATHS = "$(inherited) @executable_path/Frameworks";
				PRODUCT_BUNDLE_IDENTIFIER = com.yy.uxkit;
				PRODUCT_NAME = "$(TARGET_NAME)";
			};
			name = Release;
		};
/* End XCBuildConfiguration section */

/* Begin XCConfigurationList section */
		634A88651D5F5FF70022AC22 /* Build configuration list for PBXProject "uxkit" */ = {
			isa = XCConfigurationList;
			buildConfigurations = (
				634A887F1D5F5FF70022AC22 /* Debug */,
				634A88801D5F5FF70022AC22 /* Release */,
			);
			defaultConfigurationIsVisible = 0;
			defaultConfigurationName = Release;
		};
		634A88811D5F5FF70022AC22 /* Build configuration list for PBXNativeTarget "uxkit" */ = {
			isa = XCConfigurationList;
			buildConfigurations = (
				634A88821D5F5FF70022AC22 /* Debug */,
				634A88831D5F5FF70022AC22 /* Release */,
			);
			defaultConfigurationIsVisible = 0;
			defaultConfigurationName = Release;
		};
/* End XCConfigurationList section */
	};
	rootObject = 634A88621D5F5FF70022AC22 /* Project object */;
}
